
Microsoft Visual Studio Solution File, Format Version 12.00
# Visual Studio Version 17
VisualStudioVersion = 17.14.36414.22 d17.14
MinimumVisualStudioVersion = 10.0.40219.1
Project("{FAE04EC0-301F-11D3-BF4B-00C04F79EFBC}") = "Flattery", "Flattery\Flattery.csproj", "{C66F1964-C65A-4426-8417-5373E1978696}"
EndProject
Global
	GlobalSection(SolutionConfigurationPlatforms) = preSolution
		Debug|Any CPU = Debug|Any CPU
		Release|Any CPU = Release|Any CPU
	EndGlobalSection
	GlobalSection(ProjectConfigurationPlatforms) = postSolution
		{C66F1964-C65A-4426-8417-5373E1978696}.Debug|Any CPU.ActiveCfg = Debug|Any CPU
		{C66F1964-C65A-4426-8417-5373E1978696}.Debug|Any CPU.Build.0 = Debug|Any CPU
		{C66F1964-C65A-4426-8417-5373E1978696}.Release|Any CPU.ActiveCfg = Release|Any CPU
		{C66F1964-C65A-4426-8417-5373E1978696}.Release|Any CPU.Build.0 = Release|Any CPU
	EndGlobalSection
	GlobalSection(SolutionProperties) = preSolution
		HideSolutionNode = FALSE
	EndGlobalSection
	GlobalSection(ExtensibilityGlobals) = postSolution
		SolutionGuid = {A22746EB-CF8C-4E3D-A157-7191488C2D27}
	EndGlobalSection
EndGlobal
